
Microsoft Visual Studio Solution File, Format Version 12.00
# Visual Studio Version 17
VisualStudioVersion = 17.3.32922.545
MinimumVisualStudioVersion = 10.0.40219.1
Project("{FAE04EC0-301F-11D3-BF4B-00C04F79EFBC}") = "Demo_ASP_MVC_03", "Demo_ASP_MVC_03\Demo_ASP_MVC_03.csproj", "{62ABBE9E-5062-46A4-AFCB-9231FA3E82AD}"
EndProject
Global
	GlobalSection(SolutionConfigurationPlatforms) = preSolution
		Debug|Any CPU = Debug|Any CPU
		Release|Any CPU = Release|Any CPU
	EndGlobalSection
	GlobalSection(ProjectConfigurationPlatforms) = postSolution
		{62ABBE9E-5062-46A4-AFCB-9231FA3E82AD}.Debug|Any CPU.ActiveCfg = Debug|Any CPU
		{62ABBE9E-5062-46A4-AFCB-9231FA3E82AD}.Debug|Any CPU.Build.0 = Debug|Any CPU
		{62ABBE9E-5062-46A4-AFCB-9231FA3E82AD}.Release|Any CPU.ActiveCfg = Release|Any CPU
		{62ABBE9E-5062-46A4-AFCB-9231FA3E82AD}.Release|Any CPU.Build.0 = Release|Any CPU
	EndGlobalSection
	GlobalSection(SolutionProperties) = preSolution
		HideSolutionNode = FALSE
	EndGlobalSection
	GlobalSection(ExtensibilityGlobals) = postSolution
		SolutionGuid = {3F83CB53-3F89-44A8-B179-E6BB79339350}
	EndGlobalSection
EndGlobal
